// !$*UTF8*$!
{
	archiveVersion = 1;
	classes = {
	};
	objectVersion = 50;
	objects = {

/* Begin PBXBuildFile section */
		FAD265AA299136CD004C08EA /* AppDelegate.swift in Sources */ = {isa = PBXBuildFile; fileRef = FAD265A9299136CD004C08EA /* AppDelegate.swift */; };
		FAD265AC299136CD004C08EA /* SceneDelegate.swift in Sources */ = {isa = PBXBuildFile; fileRef = FAD265AB299136CD004C08EA /* SceneDelegate.swift */; };
		FAD265AE299136CD004C08EA /* ContentView.swift in Sources */ = {isa = PBXBuildFile; fileRef = FAD265AD299136CD004C08EA /* ContentView.swift */; };
		FAD265B1299136CD004C08EA /* Gestures_SwiftUI.xcdatamodeld in Sources */ = {isa = PBXBuildFile; fileRef = FAD265AF299136CD004C08EA /* Gestures_SwiftUI.xcdatamodeld */; };
		FAD265B3299136D7004C08EA /* Assets.xcassets in Resources */ = {isa = PBXBuildFile; fileRef = FAD265B2299136D7004C08EA /* Assets.xcassets */; };
		FAD265B6299136D7004C08EA /* Preview Assets.xcassets in Resources */ = {isa = PBXBuildFile; fileRef = FAD265B5299136D7004C08EA /* Preview Assets.xcassets */; };
		FAD265B9299136D7004C08EA /* LaunchScreen.storyboard in Resources */ = {isa = PBXBuildFile; fileRef = FAD265B7299136D7004C08EA /* LaunchScreen.storyboard */; };
/* End PBXBuildFile section */

/* Begin PBXFileReference section */
		FAD265A6299136CD004C08EA /* Gestures_SwiftUI.app */ = {isa = PBXFileReference; explicitFileType = wrapper.application; includeInIndex = 0; path = Gestures_SwiftUI.app; sourceTree = BUILT_PRODUCTS_DIR; };
		FAD265A9299136CD004C08EA /* AppDelegate.swift */ = {isa = PBXFileReference; lastKnownFileType = sourcecode.swift; path = AppDelegate.swift; sourceTree = "<group>"; };
		FAD265AB299136CD004C08EA /* SceneDelegate.swift */ = {isa = PBXFileReference; lastKnownFileType = sourcecode.swift; path = SceneDelegate.swift; sourceTree = "<group>"; };
		FAD265AD299136CD004C08EA /* ContentView.swift */ = {isa = PBXFileReference; lastKnownFileType = sourcecode.swift; path = ContentView.swift; sourceTree = "<group>"; };
		FAD265B0299136CD004C08EA /* Gestures_SwiftUI.xcdatamodel */ = {isa = PBXFileReference; lastKnownFileType = wrapper.xcdatamodel; path = Gestures_SwiftUI.xcdatamodel; sourceTree = "<group>"; };
		FAD265B2299136D7004C08EA /* Assets.xcassets */ = {isa = PBXFileReference; lastKnownFileType = folder.assetcatalog; path = Assets.xcassets; sourceTree = "<group>"; };
		FAD265B5299136D7004C08EA /* Preview Assets.xcassets */ = {isa = PBXFileReference; lastKnownFileType = folder.assetcatalog; path = "Preview Assets.xcassets"; sourceTree = "<group>"; };
		FAD265B8299136D7004C08EA /* Base */ = {isa = PBXFileReference; lastKnownFileType = file.storyboard; name = Base; path = Base.lproj/LaunchScreen.storyboard; sourceTree = "<group>"; };
		FAD265BA299136D7004C08EA /* Info.plist */ = {isa = PBXFileReference; lastKnownFileType = text.plist.xml; path = Info.plist; sourceTree = "<group>"; };
/* End PBXFileReference section */

/* Begin PBXFrameworksBuildPhase section */
		FAD265A3299136CD004C08EA /* Frameworks */ = {
			isa = PBXFrameworksBuildPhase;
			buildActionMask = 2147483647;
			files = (
			);
			runOnlyForDeploymentPostprocessing = 0;
		};
/* End PBXFrameworksBuildPhase section */

/* Begin PBXGroup section */
		FAD2659D299136CD004C08EA = {
			isa = PBXGroup;
			children = (
				FAD265A8299136CD004C08EA /* Gestures_SwiftUI */,
				FAD265A7299136CD004C08EA /* Products */,
			);
			sourceTree = "<group>";
		};
		FAD265A7299136CD004C08EA /* Products */ = {
			isa = PBXGroup;
			children = (
				FAD265A6299136CD004C08EA /* Gestures_SwiftUI.app */,
			);
			name = Products;
			sourceTree = "<group>";
		};
		FAD265A8299136CD004C08EA /* Gestures_SwiftUI */ = {
			isa = PBXGroup;
			children = (
				FAD265A9299136CD004C08EA /* AppDelegate.swift */,
				FAD265AB299136CD004C08EA /* SceneDelegate.swift */,
				FAD265AD299136CD004C08EA /* ContentView.swift */,
				FAD265B2299136D7004C08EA /* Assets.xcassets */,
				FAD265B7299136D7004C08EA /* LaunchScreen.storyboard */,
				FAD265BA299136D7004C08EA /* Info.plist */,
				FAD265AF299136CD004C08EA /* Gestures_SwiftUI.xcdatamodeld */,
				FAD265B4299136D7004C08EA /* Preview Content */,
			);
			path = Gestures_SwiftUI;
			sourceTree = "<group>";
		};
		FAD265B4299136D7004C08EA /* Preview Content */ = {
			isa = PBXGroup;
			children = (
				FAD265B5299136D7004C08EA /* Preview Assets.xcassets */,
			);
			path = "Preview Content";
			sourceTree = "<group>";
		};
/* End PBXGroup section */

/* Begin PBXNativeTarget section */
		FAD265A5299136CD004C08EA /* Gestures_SwiftUI */ = {
			isa = PBXNativeTarget;
			buildConfigurationList = FAD265BD299136D7004C08EA /* Build configuration list for PBXNativeTarget "Gestures_SwiftUI" */;
			buildPhases = (
				FAD265A2299136CD004C08EA /* Sources */,
				FAD265A3299136CD004C08EA /* Frameworks */,
				FAD265A4299136CD004C08EA /* Resources */,
			);
			buildRules = (
			);
			dependencies = (
			);
			name = Gestures_SwiftUI;
			productName = Gestures_SwiftUI;
			productReference = FAD265A6299136CD004C08EA /* Gestures_SwiftUI.app */;
			productType = "com.apple.product-type.application";
		};
/* End PBXNativeTarget section */

/* Begin PBXProject section */
		FAD2659E299136CD004C08EA /* Project object */ = {
			isa = PBXProject;
			attributes = {
				LastSwiftUpdateCheck = 1240;
				LastUpgradeCheck = 1240;
				TargetAttributes = {
					FAD265A5299136CD004C08EA = {
						CreatedOnToolsVersion = 12.4;
					};
				};
			};
			buildConfigurationList = FAD265A1299136CD004C08EA /* Build configuration list for PBXProject "Gestures_SwiftUI" */;
			compatibilityVersion = "Xcode 9.3";
			developmentRegion = en;
			hasScannedForEncodings = 0;
			knownRegions = (
				en,
				Base,
			);
			mainGroup = FAD2659D299136CD004C08EA;
			productRefGroup = FAD265A7299136CD004C08EA /* Products */;
			projectDirPath = "";
			projectRoot = "";
			targets = (
				FAD265A5299136CD004C08EA /* Gestures_SwiftUI */,
			);
		};
/* End PBXProject section */

/* Begin PBXResourcesBuildPhase section */
		FAD265A4299136CD004C08EA /* Resources */ = {
			isa = PBXResourcesBuildPhase;
			buildActionMask = 2147483647;
			files = (
				FAD265B9299136D7004C08EA /* LaunchScreen.storyboard in Resources */,
				FAD265B6299136D7004C08EA /* Preview Assets.xcassets in Resources */,
				FAD265B3299136D7004C08EA /* Assets.xcassets in Resources */,
			);
			runOnlyForDeploymentPostprocessing = 0;
		};
/* End PBXResourcesBuildPhase section */

/* Begin PBXSourcesBuildPhase section */
		FAD265A2299136CD004C08EA /* Sources */ = {
			isa = PBXSourcesBuildPhase;
			buildActionMask = 2147483647;
			files = (
				FAD265AA299136CD004C08EA /* AppDelegate.swift in Sources */,
				FAD265B1299136CD004C08EA /* Gestures_SwiftUI.xcdatamodeld in Sources */,
				FAD265AC299136CD004C08EA /* SceneDelegate.swift in Sources */,
				FAD265AE299136CD004C08EA /* ContentView.swift in Sources */,
			);
			runOnlyForDeploymentPostprocessing = 0;
		};
/* End PBXSourcesBuildPhase section */

/* Begin PBXVariantGroup section */
		FAD265B7299136D7004C08EA /* LaunchScreen.storyboard */ = {
			isa = PBXVariantGroup;
			children = (
				FAD265B8299136D7004C08EA /* Base */,
			);
			name = LaunchScreen.storyboard;
			sourceTree = "<group>";
		};
/* End PBXVariantGroup section */

/* Begin XCBuildConfiguration section */
		FAD265BB299136D7004C08EA /* Debug */ = {
			isa = XCBuildConfiguration;
			buildSettings = {
				ALWAYS_SEARCH_USER_PATHS = NO;
				CLANG_ANALYZER_NONNULL = YES;
				CLANG_ANALYZER_NUMBER_OBJECT_CONVERSION = YES_AGGRESSIVE;
				CLANG_CXX_LANGUAGE_STANDARD = "gnu++14";
				CLANG_CXX_LIBRARY = "libc++";
				CLANG_ENABLE_MODULES = YES;
				CLANG_ENABLE_OBJC_ARC = YES;
				CLANG_ENABLE_OBJC_WEAK = YES;
				CLANG_WARN_BLOCK_CAPTURE_AUTORELEASING = YES;
				CLANG_WARN_BOOL_CONVERSION = YES;
				CLANG_WARN_COMMA = YES;
				CLANG_WARN_CONSTANT_CONVERSION = YES;
				CLANG_WARN_DEPRECATED_OBJC_IMPLEMENTATIONS = YES;
				CLANG_WARN_DIRECT_OBJC_ISA_USAGE = YES_ERROR;
				CLANG_WARN_DOCUMENTATION_COMMENTS = YES;
				CLANG_WARN_EMPTY_BODY = YES;
				CLANG_WARN_ENUM_CONVERSION = YES;
				CLANG_WARN_INFINITE_RECURSION = YES;
				CLANG_WARN_INT_CONVERSION = YES;
				CLANG_WARN_NON_LITERAL_NULL_CONVERSION = YES;
				CLANG_WARN_OBJC_IMPLICIT_RETAIN_SELF = YES;
				CLANG_WARN_OBJC_LITERAL_CONVERSION = YES;
				CLANG_WARN_OBJC_ROOT_CLASS = YES_ERROR;
				CLANG_WARN_QUOTED_INCLUDE_IN_FRAMEWORK_HEADER = YES;
				CLANG_WARN_RANGE_LOOP_ANALYSIS = YES;
				CLANG_WARN_STRICT_PROTOTYPES = YES;
				CLANG_WARN_SUSPICIOUS_MOVE = YES;
				CLANG_WARN_UNGUARDED_AVAILABILITY = YES_AGGRESSIVE;
				CLANG_WARN_UNREACHABLE_CODE = YES;
				CLANG_WARN__DUPLICATE_METHOD_MATCH = YES;
				COPY_PHASE_STRIP = NO;
				DEBUG_INFORMATION_FORMAT = dwarf;
				ENABLE_STRICT_OBJC_MSGSEND = YES;
				ENABLE_TESTABILITY = YES;
				GCC_C_LANGUAGE_STANDARD = gnu11;
				GCC_DYNAMIC_NO_PIC = NO;
				GCC_NO_COMMON_BLOCKS = YES;
				GCC_OPTIMIZATION_LEVEL = 0;
				GCC_PREPROCESSOR_DEFINITIONS = (
					"DEBUG=1",
					"$(inherited)",
				);
				GCC_WARN_64_TO_32_BIT_CONVERSION = YES;
				GCC_WARN_ABOUT_RETURN_TYPE = YES_ERROR;
				GCC_WARN_UNDECLARED_SELECTOR = YES;
				GCC_WARN_UNINITIALIZED_AUTOS = YES_AGGRESSIVE;
				GCC_WARN_UNUSED_FUNCTION = YES;
				GCC_WARN_UNUSED_VARIABLE = YES;
				IPHONEOS_DEPLOYMENT_TARGET = 14.4;
				MTL_ENABLE_DEBUG_INFO = INCLUDE_SOURCE;
				MTL_FAST_MATH = YES;
				ONLY_ACTIVE_ARCH = YES;
				SDKROOT = iphoneos;
				SWIFT_ACTIVE_COMPILATION_CONDITIONS = DEBUG;
				SWIFT_OPTIMIZATION_LEVEL = "-Onone";
			};
			name = Debug;
		};
		FAD265BC299136D7004C08EA /* Release */ = {
			isa = XCBuildConfiguration;
			buildSettings = {
				ALWAYS_SEARCH_USER_PATHS = NO;
				CLANG_ANALYZER_NONNULL = YES;
				CLANG_ANALYZER_NUMBER_OBJECT_CONVERSION = YES_AGGRESSIVE;
				CLANG_CXX_LANGUAGE_STANDARD = "gnu++14";
				CLANG_CXX_LIBRARY = "libc++";
				CLANG_ENABLE_MODULES = YES;
				CLANG_ENABLE_OBJC_ARC = YES;
				CLANG_ENABLE_OBJC_WEAK = YES;
				CLANG_WARN_BLOCK_CAPTURE_AUTORELEASING = YES;
				CLANG_WARN_BOOL_CONVERSION = YES;
				CLANG_WARN_COMMA = YES;
				CLANG_WARN_CONSTANT_CONVERSION = YES;
				CLANG_WARN_DEPRECATED_OBJC_IMPLEMENTATIONS = YES;
				CLANG_WARN_DIRECT_OBJC_ISA_USAGE = YES_ERROR;
				CLANG_WARN_DOCUMENTATION_COMMENTS = YES;
				CLANG_WARN_EMPTY_BODY = YES;
				CLANG_WARN_ENUM_CONVERSION = YES;
				CLANG_WARN_INFINITE_RECURSION = YES;
				CLANG_WARN_INT_CONVERSION = YES;
				CLANG_WARN_NON_LITERAL_NULL_CONVERSION = YES;
				CLANG_WARN_OBJC_IMPLICIT_RETAIN_SELF = YES;
				CLANG_WARN_OBJC_LITERAL_CONVERSION = YES;
				CLANG_WARN_OBJC_ROOT_CLASS = YES_ERROR;
				CLANG_WARN_QUOTED_INCLUDE_IN_FRAMEWORK_HEADER = YES;
				CLANG_WARN_RANGE_LOOP_ANALYSIS = YES;
				CLANG_WARN_STRICT_PROTOTYPES = YES;
				CLANG_WARN_SUSPICIOUS_MOVE = YES;
				CLANG_WARN_UNGUARDED_AVAILABILITY = YES_AGGRESSIVE;
				CLANG_WARN_UNREACHABLE_CODE = YES;
				CLANG_WARN__DUPLICATE_METHOD_MATCH = YES;
				COPY_PHASE_STRIP = NO;
				DEBUG_INFORMATION_FORMAT = "dwarf-with-dsym";
				ENABLE_NS_ASSERTIONS = NO;
				ENABLE_STRICT_OBJC_MSGSEND = YES;
				GCC_C_LANGUAGE_STANDARD = gnu11;
				GCC_NO_COMMON_BLOCKS = YES;
				GCC_WARN_64_TO_32_BIT_CONVERSION = YES;
				GCC_WARN_ABOUT_RETURN_TYPE = YES_ERROR;
				GCC_WARN_UNDECLARED_SELECTOR = YES;
				GCC_WARN_UNINITIALIZED_AUTOS = YES_AGGRESSIVE;
				GCC_WARN_UNUSED_FUNCTION = YES;
				GCC_WARN_UNUSED_VARIABLE = YES;
				IPHONEOS_DEPLOYMENT_TARGET = 14.4;
				MTL_ENABLE_DEBUG_INFO = NO;
				MTL_FAST_MATH = YES;
				SDKROOT = iphoneos;
				SWIFT_COMPILATION_MODE = wholemodule;
				SWIFT_OPTIMIZATION_LEVEL = "-O";
				VALIDATE_PRODUCT = YES;
			};
			name = Release;
		};
		FAD265BE299136D7004C08EA /* Debug */ = {
			isa = XCBuildConfiguration;
			buildSettings = {
				ASSETCATALOG_COMPILER_APPICON_NAME = AppIcon;
				ASSETCATALOG_COMPILER_GLOBAL_ACCENT_COLOR_NAME = AccentColor;
				CODE_SIGN_STYLE = Automatic;
				DEVELOPMENT_ASSET_PATHS = "\"Gestures_SwiftUI/Preview Content\"";
				DEVELOPMENT_TEAM = 5562M3PVU5;
				ENABLE_PREVIEWS = YES;
				INFOPLIST_FILE = Gestures_SwiftUI/Info.plist;
				LD_RUNPATH_SEARCH_PATHS = (
					"$(inherited)",
					"@executable_path/Frameworks",
				);
				PRODUCT_BUNDLE_IDENTIFIER = "com.Abdelrhman.Gestures-SwiftUI";
				PRODUCT_NAME = "$(TARGET_NAME)";
				SWIFT_VERSION = 5.0;
				TARGETED_DEVICE_FAMILY = "1,2";
			};
			name = Debug;
		};
		FAD265BF299136D7004C08EA /* Release */ = {
			isa = XCBuildConfiguration;
			buildSettings = {
				ASSETCATALOG_COMPILER_APPICON_NAME = AppIcon;
				ASSETCATALOG_COMPILER_GLOBAL_ACCENT_COLOR_NAME = AccentColor;
				CODE_SIGN_STYLE = Automatic;
				DEVELOPMENT_ASSET_PATHS = "\"Gestures_SwiftUI/Preview Content\"";
				DEVELOPMENT_TEAM = 5562M3PVU5;
				ENABLE_PREVIEWS = YES;
				INFOPLIST_FILE = Gestures_SwiftUI/Info.plist;
				LD_RUNPATH_SEARCH_PATHS = (
					"$(inherited)",
					"@executable_path/Frameworks",
				);
				PRODUCT_BUNDLE_IDENTIFIER = "com.Abdelrhman.Gestures-SwiftUI";
				PRODUCT_NAME = "$(TARGET_NAME)";
				SWIFT_VERSION = 5.0;
				TARGETED_DEVICE_FAMILY = "1,2";
			};
			name = Release;
		};
/* End XCBuildConfiguration section */

/* Begin XCConfigurationList section */
		FAD265A1299136CD004C08EA /* Build configuration list for PBXProject "Gestures_SwiftUI" */ = {
			isa = XCConfigurationList;
			buildConfigurations = (
				FAD265BB299136D7004C08EA /* Debug */,
				FAD265BC299136D7004C08EA /* Release */,
			);
			defaultConfigurationIsVisible = 0;
			defaultConfigurationName = Release;
		};
		FAD265BD299136D7004C08EA /* Build configuration list for PBXNativeTarget "Gestures_SwiftUI" */ = {
			isa = XCConfigurationList;
			buildConfigurations = (
				FAD265BE299136D7004C08EA /* Debug */,
				FAD265BF299136D7004C08EA /* Release */,
			);
			defaultConfigurationIsVisible = 0;
			defaultConfigurationName = Release;
		};
/* End XCConfigurationList section */

/* Begin XCVersionGroup section */
		FAD265AF299136CD004C08EA /* Gestures_SwiftUI.xcdatamodeld */ = {
			isa = XCVersionGroup;
			children = (
				FAD265B0299136CD004C08EA /* Gestures_SwiftUI.xcdatamodel */,
			);
			currentVersion = FAD265B0299136CD004C08EA /* Gestures_SwiftUI.xcdatamodel */;
			path = Gestures_SwiftUI.xcdatamodeld;
			sourceTree = "<group>";
			versionGroupType = wrapper.xcdatamodel;
		};
/* End XCVersionGroup section */
	};
	rootObject = FAD2659E299136CD004C08EA /* Project object */;
}
